
Microsoft Visual Studio Solution File, Format Version 12.00
# Visual Studio 15
VisualStudioVersion = 15.0.28307.757
MinimumVisualStudioVersion = 10.0.40219.1
Project("{9A19103F-16F7-4668-BE54-9A1E7A4F7556}") = "ConsoleHtml", "ConsoleHtml\ConsoleHtml.csproj", "{CFC389CD-8D3C-4292-AE22-4E27779DF98B}"
EndProject
Global
	GlobalSection(SolutionConfigurationPlatforms) = preSolution
		Debug|Any CPU = Debug|Any CPU
		Release|Any CPU = Release|Any CPU
	EndGlobalSection
	GlobalSection(ProjectConfigurationPlatforms) = postSolution
		{CFC389CD-8D3C-4292-AE22-4E27779DF98B}.Debug|Any CPU.ActiveCfg = Debug|Any CPU
		{CFC389CD-8D3C-4292-AE22-4E27779DF98B}.Debug|Any CPU.Build.0 = Debug|Any CPU
		{CFC389CD-8D3C-4292-AE22-4E27779DF98B}.Release|Any CPU.ActiveCfg = Release|Any CPU
		{CFC389CD-8D3C-4292-AE22-4E27779DF98B}.Release|Any CPU.Build.0 = Release|Any CPU
	EndGlobalSection
	GlobalSection(SolutionProperties) = preSolution
		HideSolutionNode = FALSE
	EndGlobalSection
	GlobalSection(ExtensibilityGlobals) = postSolution
		SolutionGuid = {0FDF2D12-1F26-4B97-9F96-43D8465FC55E}
	EndGlobalSection
EndGlobal
